
Microsoft Visual Studio Solution File, Format Version 12.00
Project("{2150E333-8FDC-42A3-9474-1A3956D46DE8}") = "Endpoints", "Endpoints", "{4D485F1E-FAE4-4E92-B68F-74D78041B1CB}"
EndProject
Project("{FAE04EC0-301F-11D3-BF4B-00C04F79EFBC}") = "Web", "Web\Web.csproj", "{B1C8612E-C62B-413D-8063-4C6822E306CA}"
EndProject
Project("{FAE04EC0-301F-11D3-BF4B-00C04F79EFBC}") = "Domain", "Domain\Domain.csproj", "{3B479523-5282-4611-99FB-4D7A89662450}"
EndProject
Project("{FAE04EC0-301F-11D3-BF4B-00C04F79EFBC}") = "Repository", "Repository\Repository.csproj", "{1F23CA8D-5BEB-4870-AB19-E30C4F707F08}"
EndProject
Project("{FAE04EC0-301F-11D3-BF4B-00C04F79EFBC}") = "Application", "Application\Application.csproj", "{70FB7CCB-0FBB-4F56-A581-2B071323E22D}"
EndProject
Project("{2150E333-8FDC-42A3-9474-1A3956D46DE8}") = "Src", "Src", "{475C05E4-A899-4862-BC05-5C34A445B127}"
EndProject
Project("{2150E333-8FDC-42A3-9474-1A3956D46DE8}") = "Test", "Test", "{A12F0659-E73C-4462-90E9-5855C57EAEA0}"
EndProject
Global
	GlobalSection(SolutionConfigurationPlatforms) = preSolution
		Debug|Any CPU = Debug|Any CPU
		Release|Any CPU = Release|Any CPU
	EndGlobalSection
	GlobalSection(ProjectConfigurationPlatforms) = postSolution
		{B1C8612E-C62B-413D-8063-4C6822E306CA}.Debug|Any CPU.ActiveCfg = Debug|Any CPU
		{B1C8612E-C62B-413D-8063-4C6822E306CA}.Debug|Any CPU.Build.0 = Debug|Any CPU
		{B1C8612E-C62B-413D-8063-4C6822E306CA}.Release|Any CPU.ActiveCfg = Release|Any CPU
		{B1C8612E-C62B-413D-8063-4C6822E306CA}.Release|Any CPU.Build.0 = Release|Any CPU
		{3B479523-5282-4611-99FB-4D7A89662450}.Debug|Any CPU.ActiveCfg = Debug|Any CPU
		{3B479523-5282-4611-99FB-4D7A89662450}.Debug|Any CPU.Build.0 = Debug|Any CPU
		{3B479523-5282-4611-99FB-4D7A89662450}.Release|Any CPU.ActiveCfg = Release|Any CPU
		{3B479523-5282-4611-99FB-4D7A89662450}.Release|Any CPU.Build.0 = Release|Any CPU
		{1F23CA8D-5BEB-4870-AB19-E30C4F707F08}.Debug|Any CPU.ActiveCfg = Debug|Any CPU
		{1F23CA8D-5BEB-4870-AB19-E30C4F707F08}.Debug|Any CPU.Build.0 = Debug|Any CPU
		{1F23CA8D-5BEB-4870-AB19-E30C4F707F08}.Release|Any CPU.ActiveCfg = Release|Any CPU
		{1F23CA8D-5BEB-4870-AB19-E30C4F707F08}.Release|Any CPU.Build.0 = Release|Any CPU
		{70FB7CCB-0FBB-4F56-A581-2B071323E22D}.Debug|Any CPU.ActiveCfg = Debug|Any CPU
		{70FB7CCB-0FBB-4F56-A581-2B071323E22D}.Debug|Any CPU.Build.0 = Debug|Any CPU
		{70FB7CCB-0FBB-4F56-A581-2B071323E22D}.Release|Any CPU.ActiveCfg = Release|Any CPU
		{70FB7CCB-0FBB-4F56-A581-2B071323E22D}.Release|Any CPU.Build.0 = Release|Any CPU
	EndGlobalSection
	GlobalSection(NestedProjects) = preSolution
		{B1C8612E-C62B-413D-8063-4C6822E306CA} = {4D485F1E-FAE4-4E92-B68F-74D78041B1CB}
		{4D485F1E-FAE4-4E92-B68F-74D78041B1CB} = {475C05E4-A899-4862-BC05-5C34A445B127}
		{70FB7CCB-0FBB-4F56-A581-2B071323E22D} = {475C05E4-A899-4862-BC05-5C34A445B127}
		{3B479523-5282-4611-99FB-4D7A89662450} = {475C05E4-A899-4862-BC05-5C34A445B127}
		{1F23CA8D-5BEB-4870-AB19-E30C4F707F08} = {475C05E4-A899-4862-BC05-5C34A445B127}
	EndGlobalSection
EndGlobal
